
Microsoft Visual Studio Solution File, Format Version 12.00
# Visual Studio 14
VisualStudioVersion = 14.0.23107.0
MinimumVisualStudioVersion = 10.0.40219.1
Project("{159641D6-6404-4A2A-AE62-294DE0FE8301}") = "StateLNI_to_Energov", "StateLNI_to_Energov\StateLNI_to_Energov.dtproj", "{A54A8C8C-1147-415E-9F1E-470E9D8AB10B}"
EndProject
Global
	GlobalSection(SolutionConfigurationPlatforms) = preSolution
		Development|Default = Development|Default
	EndGlobalSection
	GlobalSection(ProjectConfigurationPlatforms) = postSolution
		{A54A8C8C-1147-415E-9F1E-470E9D8AB10B}.Development|Default.ActiveCfg = Development
		{A54A8C8C-1147-415E-9F1E-470E9D8AB10B}.Development|Default.Build.0 = Development
	EndGlobalSection
	GlobalSection(SolutionProperties) = preSolution
		HideSolutionNode = FALSE
	EndGlobalSection
EndGlobal
